
Microsoft Visual Studio Solution File, Format Version 12.00
# Visual Studio Version 17
VisualStudioVersion = 17.14.36429.23 d17.14
MinimumVisualStudioVersion = 10.0.40219.1
Project("{FAE04EC0-301F-11D3-BF4B-00C04F79EFBC}") = "ConsoleApp2", "ConsoleApp2\ConsoleApp2.csproj", "{5793166A-4284-4D6B-95DA-357DA076FBFF}"
EndProject
Global
	GlobalSection(SolutionConfigurationPlatforms) = preSolution
		Debug|Any CPU = Debug|Any CPU
		Release|Any CPU = Release|Any CPU
	EndGlobalSection
	GlobalSection(ProjectConfigurationPlatforms) = postSolution
		{5793166A-4284-4D6B-95DA-357DA076FBFF}.Debug|Any CPU.ActiveCfg = Debug|Any CPU
		{5793166A-4284-4D6B-95DA-357DA076FBFF}.Debug|Any CPU.Build.0 = Debug|Any CPU
		{5793166A-4284-4D6B-95DA-357DA076FBFF}.Release|Any CPU.ActiveCfg = Release|Any CPU
		{5793166A-4284-4D6B-95DA-357DA076FBFF}.Release|Any CPU.Build.0 = Release|Any CPU
	EndGlobalSection
	GlobalSection(SolutionProperties) = preSolution
		HideSolutionNode = FALSE
	EndGlobalSection
	GlobalSection(ExtensibilityGlobals) = postSolution
		SolutionGuid = {055E6503-FF2B-4BF1-9CEF-851B5E7198FD}
	EndGlobalSection
EndGlobal
