
Microsoft Visual Studio Solution File, Format Version 12.00
# Visual Studio Version 17
VisualStudioVersion = 17.14.36429.23 d17.14
MinimumVisualStudioVersion = 10.0.40219.1
Project("{FAE04EC0-301F-11D3-BF4B-00C04F79EFBC}") = "a", "a\a.csproj", "{45C41178-2305-4C17-8A0B-0BB63D5CF73F}"
EndProject
Global
	GlobalSection(SolutionConfigurationPlatforms) = preSolution
		Debug|Any CPU = Debug|Any CPU
		Release|Any CPU = Release|Any CPU
	EndGlobalSection
	GlobalSection(ProjectConfigurationPlatforms) = postSolution
		{45C41178-2305-4C17-8A0B-0BB63D5CF73F}.Debug|Any CPU.ActiveCfg = Debug|Any CPU
		{45C41178-2305-4C17-8A0B-0BB63D5CF73F}.Debug|Any CPU.Build.0 = Debug|Any CPU
		{45C41178-2305-4C17-8A0B-0BB63D5CF73F}.Release|Any CPU.ActiveCfg = Release|Any CPU
		{45C41178-2305-4C17-8A0B-0BB63D5CF73F}.Release|Any CPU.Build.0 = Release|Any CPU
	EndGlobalSection
	GlobalSection(SolutionProperties) = preSolution
		HideSolutionNode = FALSE
	EndGlobalSection
	GlobalSection(ExtensibilityGlobals) = postSolution
		SolutionGuid = {9CE70298-DD2A-483F-AAE5-A7EF0273228C}
	EndGlobalSection
EndGlobal
