
Microsoft Visual Studio Solution File, Format Version 12.00
# Visual Studio Version 17
VisualStudioVersion = 17.14.36429.23 d17.14
MinimumVisualStudioVersion = 10.0.40219.1
Project("{FAE04EC0-301F-11D3-BF4B-00C04F79EFBC}") = "ConsoleApp3", "ConsoleApp3\ConsoleApp3.csproj", "{8D006E78-2CCD-430A-BAA3-A1DE0B5B5D92}"
EndProject
Global
	GlobalSection(SolutionConfigurationPlatforms) = preSolution
		Debug|Any CPU = Debug|Any CPU
		Release|Any CPU = Release|Any CPU
	EndGlobalSection
	GlobalSection(ProjectConfigurationPlatforms) = postSolution
		{8D006E78-2CCD-430A-BAA3-A1DE0B5B5D92}.Debug|Any CPU.ActiveCfg = Debug|Any CPU
		{8D006E78-2CCD-430A-BAA3-A1DE0B5B5D92}.Debug|Any CPU.Build.0 = Debug|Any CPU
		{8D006E78-2CCD-430A-BAA3-A1DE0B5B5D92}.Release|Any CPU.ActiveCfg = Release|Any CPU
		{8D006E78-2CCD-430A-BAA3-A1DE0B5B5D92}.Release|Any CPU.Build.0 = Release|Any CPU
	EndGlobalSection
	GlobalSection(SolutionProperties) = preSolution
		HideSolutionNode = FALSE
	EndGlobalSection
	GlobalSection(ExtensibilityGlobals) = postSolution
		SolutionGuid = {FEB03875-8D6B-46DC-9089-110214992D68}
	EndGlobalSection
EndGlobal
