
Microsoft Visual Studio Solution File, Format Version 12.00
# Visual Studio Version 17
VisualStudioVersion = 17.14.36429.23 d17.14
MinimumVisualStudioVersion = 10.0.40219.1
Project("{FAE04EC0-301F-11D3-BF4B-00C04F79EFBC}") = "ConsoleApp1", "ConsoleApp1\ConsoleApp1.csproj", "{03A16899-0E91-4E17-B0D9-0DA10194146F}"
EndProject
Global
	GlobalSection(SolutionConfigurationPlatforms) = preSolution
		Debug|Any CPU = Debug|Any CPU
		Release|Any CPU = Release|Any CPU
	EndGlobalSection
	GlobalSection(ProjectConfigurationPlatforms) = postSolution
		{03A16899-0E91-4E17-B0D9-0DA10194146F}.Debug|Any CPU.ActiveCfg = Debug|Any CPU
		{03A16899-0E91-4E17-B0D9-0DA10194146F}.Debug|Any CPU.Build.0 = Debug|Any CPU
		{03A16899-0E91-4E17-B0D9-0DA10194146F}.Release|Any CPU.ActiveCfg = Release|Any CPU
		{03A16899-0E91-4E17-B0D9-0DA10194146F}.Release|Any CPU.Build.0 = Release|Any CPU
	EndGlobalSection
	GlobalSection(SolutionProperties) = preSolution
		HideSolutionNode = FALSE
	EndGlobalSection
	GlobalSection(ExtensibilityGlobals) = postSolution
		SolutionGuid = {0D48C847-E3F4-46B8-A68F-E66939DFB497}
	EndGlobalSection
EndGlobal
